github.com/BurntSushi/toml v1.5.0 h1:W5quZX/G/csjUnuI8SUYlsHs9M38FC7znL0lIO+DvMg=
github.com/BurntSushi/toml v1.5.0/go.mod h1:ukJfTF/6rtPPRCnwkur4qwRxa8vTRFBF0uk2lLoLwho=
github.com/a-h/templ v0.3.920 h1:IQjjTu4KGrYreHo/ewzSeS8uefecisPayIIc9VflLSE=
github.com/a-h/templ v0.3.920/go.mod h1:FFAu4dI//ESmEN7PQkJ7E7QfnSEMdcnu7QrAY8Dn334=
github.com/a-h/templ v0.3.977 h1:kiKAPXTZE2Iaf8JbtM21r54A8bCNsncrfnokZZSrSDg=
github.com/a-h/templ v0.3.977/go.mod h1:oCZcnKRf5jjsGpf2yELzQfodLphd2mwecwG4Crk5HBo=
github.com/davecgh/go-spew v1.1.1 h1:vj9j/u1bqnvCEfJOwUhtlOARqs3+rkHYY13jYWTU97c=
github.com/davecgh/go-spew v1.1.1/go.mod h1:J7Y8YcW2NihsgmVo/mv3lAwl/skON4iLHjSsI+c5H38=
github.com/google/go-cmp v0.6.0 h1:ofyhxvXcZhMsU5ulbFiLKl/XBFqE1GSq7atu8tAmTRI=
github.com/google/go-cmp v0.6.0/go.mod h1:17dUlkBOakJ0+DkrSSNjCkIjxS6bF9zb3elmeNGIjoY=
github.com/mangoumbrella/goldmark-figure v1.4.0 h1:2N0Gg1YPKjwuPSVsznA+A34iYGm6qQwQeZI8pa3XY+0=
github.com/mangoumbrella/goldmark-figure v1.4.0/go.mod h1:iIL+fhdmCQDpE0l/TKtGhokWzIbo5lo/Y2OIAcx6usI=
github.com/pmezard/go-difflib v1.0.0 h1:4DBwDE0NGyQoBHbLQYPwSUPoCMWR5BEzIk/f1lZbAQM=
github.com/pmezard/go-difflib v1.0.0/go.mod h1:iKH77koFhYxTK1pcRnkKkqfTogsbg7gZNVY4sRDYZ/4=
github.com/stretchr/testify v1.11.1 h1:7s2iGBzp5EwR7/aIZr8ao5+dra3wiQyKjjFuvgVKu7U=
github.com/stretchr/testify v1.11.1/go.mod h1:wZwfW3scLgRK+23gO65QZefKpKQRnfz6sD981Nm4B6U=
github.com/yuin/goldmark v1.7.13 h1:GPddIs617DnBLFFVJFgpo1aBfe/4xcvMc3SB5t/D0pA=
github.com/yuin/goldmark v1.7.13/go.mod h1:ip/1k0VRfGynBgxOz0yCqHrbZXhcjxyuS66Brc7iBKg=
github.com/zilllaiss/fest v0.7.0 h1:WNHihhB5nOlflJWeFgwyl4mFTq7BVLSrhd9HpvZJ4yU=
github.com/zilllaiss/fest v0.7.0/go.mod h1:pTxgfrLj4h1e06JRlrSbFrEESlzm9sgzL2Lg+7vM96w=
github.com/zilllaiss/fest v0.8.0 h1:+ybO7RlMIjiZVb2OHEE3Dr/lWvo8KaE5KQYqW3VdzO0=
github.com/zilllaiss/fest v0.8.0/go.mod h1:Fw7qQQYy+OUy7sqvqL4WKHjY6NHjU+GsBiP/L3V70hA=
go.abhg.dev/goldmark/frontmatter v0.3.0 h1:ZOrMkeyyYzhlbenFNmOXyGFx1dFE8TgBWAgZfs9D5RA=
go.abhg.dev/goldmark/frontmatter v0.3.0/go.mod h1:W3KXvVveKKxU1FIFZ7fgFFQrlkcolnDcOVmu19cCO9U=
go.abhg.dev/goldmark/toc v0.12.0 h1:kiEBBIOB7jEzNpXmGdiL2L/zGSELKw/p3mosm2+RSuo=
go.abhg.dev/goldmark/toc v0.12.0/go.mod h1:kskbM5l9y8wOFEFfyEe9wnwhWeykvmHB6xEPCVrZIvg=
gopkg.in/check.v1 v0.0.0-20161208181325-20d25e280405 h1:yhCVgyC4o1eVCa2tZl7eS0r+SDo693bJlVdllGtEeKM=
gopkg.in/check.v1 v0.0.0-20161208181325-20d25e280405/go.mod h1:Co6ibVJAznAaIkqp8huTwlJQCZ016jof/cbN4VW5Yz0=
gopkg.in/yaml.v3 v3.0.1 h1:fxVm/GzAzEWqLHuvctI91KS9hhNmmWOoWu0XTYJS7CA=
gopkg.in/yaml.v3 v3.0.1/go.mod h1:K4uyk7z7BCEPqu6E+C64Yfv1cQ7kz7rIZviUmN+EgEM=
pgregory.net/rapid v1.2.0 h1:keKAYRcjm+e1F0oAuU5F5+YPAWcyxNNRK2wud503Gnk=
pgregory.net/rapid v1.2.0/go.mod h1:PY5XlDGj0+V1FCq0o192FdRhpKHGTRIWBgqjDBTrq04=
