github.com/BurntSushi/toml v1.2.1 h1:9F2/+DoOYIOksmaJFPw1tGFy1eDnIJXg+UHjuD8lTak=
github.com/BurntSushi/toml v1.2.1/go.mod h1:CxXYINrC8qIiEnFrOxCa7Jy5BFHlXnUU2pbicEuybxQ=
github.com/a-h/templ v0.3.920 h1:IQjjTu4KGrYreHo/ewzSeS8uefecisPayIIc9VflLSE=
github.com/a-h/templ v0.3.920/go.mod h1:FFAu4dI//ESmEN7PQkJ7E7QfnSEMdcnu7QrAY8Dn334=
github.com/davecgh/go-spew v1.1.1 h1:vj9j/u1bqnvCEfJOwUhtlOARqs3+rkHYY13jYWTU97c=
github.com/davecgh/go-spew v1.1.1/go.mod h1:J7Y8YcW2NihsgmVo/mv3lAwl/skON4iLHjSsI+c5H38=
github.com/google/go-cmp v0.6.0 h1:ofyhxvXcZhMsU5ulbFiLKl/XBFqE1GSq7atu8tAmTRI=
github.com/google/go-cmp v0.6.0/go.mod h1:17dUlkBOakJ0+DkrSSNjCkIjxS6bF9zb3elmeNGIjoY=
github.com/pmezard/go-difflib v1.0.0 h1:4DBwDE0NGyQoBHbLQYPwSUPoCMWR5BEzIk/f1lZbAQM=
github.com/pmezard/go-difflib v1.0.0/go.mod h1:iKH77koFhYxTK1pcRnkKkqfTogsbg7gZNVY4sRDYZ/4=
github.com/stretchr/testify v1.10.0 h1:Xv5erBjTwe/5IxqUQTdXv5kgmIvbHo3QQyRwhJsOfJA=
github.com/stretchr/testify v1.10.0/go.mod h1:r2ic/lqez/lEtzL7wO/rwa5dbSLXVDPFyf8C91i36aY=
github.com/yuin/goldmark v1.7.13 h1:GPddIs617DnBLFFVJFgpo1aBfe/4xcvMc3SB5t/D0pA=
github.com/yuin/goldmark v1.7.13/go.mod h1:ip/1k0VRfGynBgxOz0yCqHrbZXhcjxyuS66Brc7iBKg=
github.com/zilllaiss/fest v0.7.0 h1:WNHihhB5nOlflJWeFgwyl4mFTq7BVLSrhd9HpvZJ4yU=
github.com/zilllaiss/fest v0.7.0/go.mod h1:pTxgfrLj4h1e06JRlrSbFrEESlzm9sgzL2Lg+7vM96w=
go.abhg.dev/goldmark/frontmatter v0.2.0 h1:P8kPG0YkL12+aYk2yU3xHv4tcXzeVnN+gU0tJ5JnxRw=
go.abhg.dev/goldmark/frontmatter v0.2.0/go.mod h1:XqrEkZuM57djk7zrlRUB02x8I5J0px76YjkOzhB4YlU=
go.abhg.dev/goldmark/toc v0.12.0 h1:kiEBBIOB7jEzNpXmGdiL2L/zGSELKw/p3mosm2+RSuo=
go.abhg.dev/goldmark/toc v0.12.0/go.mod h1:kskbM5l9y8wOFEFfyEe9wnwhWeykvmHB6xEPCVrZIvg=
gopkg.in/check.v1 v0.0.0-20161208181325-20d25e280405 h1:yhCVgyC4o1eVCa2tZl7eS0r+SDo693bJlVdllGtEeKM=
gopkg.in/check.v1 v0.0.0-20161208181325-20d25e280405/go.mod h1:Co6ibVJAznAaIkqp8huTwlJQCZ016jof/cbN4VW5Yz0=
gopkg.in/yaml.v3 v3.0.1 h1:fxVm/GzAzEWqLHuvctI91KS9hhNmmWOoWu0XTYJS7CA=
gopkg.in/yaml.v3 v3.0.1/go.mod h1:K4uyk7z7BCEPqu6E+C64Yfv1cQ7kz7rIZviUmN+EgEM=
pgregory.net/rapid v1.2.0 h1:keKAYRcjm+e1F0oAuU5F5+YPAWcyxNNRK2wud503Gnk=
pgregory.net/rapid v1.2.0/go.mod h1:PY5XlDGj0+V1FCq0o192FdRhpKHGTRIWBgqjDBTrq04=
